
Microsoft Visual Studio Solution File, Format Version 12.00
# Visual Studio Version 17
VisualStudioVersion = 17.11.35222.181
MinimumVisualStudioVersion = 10.0.40219.1
Project("{9A19103F-16F7-4668-BE54-9A1E7A4F7556}") = "TestApp", "TestApp\TestApp.csproj", "{DBAAA808-4EA8-4B78-B356-98D605F638DF}"
EndProject
Project("{9A19103F-16F7-4668-BE54-9A1E7A4F7556}") = "TestApp.Core.Entities", "TestApp.Domain\TestApp.Core.Entities.csproj", "{25F4E660-67AE-4520-BE22-FF05939680EC}"
EndProject
Project("{FAE04EC0-301F-11D3-BF4B-00C04F79EFBC}") = "TestApp.Infrastructure.Services", "TestApp.Services\TestApp.Infrastructure.Services.csproj", "{AB36DB50-DFB3-4CB0-AD40-6915E81C4933}"
EndProject
Project("{FAE04EC0-301F-11D3-BF4B-00C04F79EFBC}") = "TestApp.Infrastructure", "TestApp.Infrastructure\TestApp.Infrastructure.csproj", "{78B74809-475D-4526-A228-024828E3481F}"
EndProject
Project("{2150E333-8FDC-42A3-9474-1A3956D46DE8}") = "API", "API", "{215F0469-B723-46A7-806D-2EEB23B54817}"
EndProject
Project("{2150E333-8FDC-42A3-9474-1A3956D46DE8}") = "Core", "Core", "{910AC7B0-0B03-481F-BF3B-830A59DE381D}"
EndProject
Project("{FAE04EC0-301F-11D3-BF4B-00C04F79EFBC}") = "TestApp.Core.DTOs", "TestApp.Dtos\TestApp.Core.DTOs.csproj", "{C298BE04-25BB-413C-9C5A-601E03BB5597}"
EndProject
Project("{2150E333-8FDC-42A3-9474-1A3956D46DE8}") = "Infrastructure", "Infrastructure", "{A84A837E-9161-4509-937F-CB79AB49F216}"
EndProject
Project("{FAE04EC0-301F-11D3-BF4B-00C04F79EFBC}") = "TestApp.Infrastrucutre.Data", "TestApp.Data\TestApp.Infrastrucutre.Data.csproj", "{DE93606B-4D21-4473-ACD2-618429A35719}"
EndProject
Project("{FAE04EC0-301F-11D3-BF4B-00C04F79EFBC}") = "TestApp.Core.Interfaces", "TestApp.Core.Interfaces\TestApp.Core.Interfaces.csproj", "{51E826F0-4634-44B2-BB6B-47E1B2183EBC}"
EndProject
Global
	GlobalSection(SolutionConfigurationPlatforms) = preSolution
		Debug|Any CPU = Debug|Any CPU
		Release|Any CPU = Release|Any CPU
	EndGlobalSection
	GlobalSection(ProjectConfigurationPlatforms) = postSolution
		{DBAAA808-4EA8-4B78-B356-98D605F638DF}.Debug|Any CPU.ActiveCfg = Debug|Any CPU
		{DBAAA808-4EA8-4B78-B356-98D605F638DF}.Debug|Any CPU.Build.0 = Debug|Any CPU
		{DBAAA808-4EA8-4B78-B356-98D605F638DF}.Release|Any CPU.ActiveCfg = Release|Any CPU
		{DBAAA808-4EA8-4B78-B356-98D605F638DF}.Release|Any CPU.Build.0 = Release|Any CPU
		{25F4E660-67AE-4520-BE22-FF05939680EC}.Debug|Any CPU.ActiveCfg = Debug|Any CPU
		{25F4E660-67AE-4520-BE22-FF05939680EC}.Debug|Any CPU.Build.0 = Debug|Any CPU
		{25F4E660-67AE-4520-BE22-FF05939680EC}.Release|Any CPU.ActiveCfg = Release|Any CPU
		{25F4E660-67AE-4520-BE22-FF05939680EC}.Release|Any CPU.Build.0 = Release|Any CPU
		{AB36DB50-DFB3-4CB0-AD40-6915E81C4933}.Debug|Any CPU.ActiveCfg = Debug|Any CPU
		{AB36DB50-DFB3-4CB0-AD40-6915E81C4933}.Debug|Any CPU.Build.0 = Debug|Any CPU
		{AB36DB50-DFB3-4CB0-AD40-6915E81C4933}.Release|Any CPU.ActiveCfg = Release|Any CPU
		{AB36DB50-DFB3-4CB0-AD40-6915E81C4933}.Release|Any CPU.Build.0 = Release|Any CPU
		{78B74809-475D-4526-A228-024828E3481F}.Debug|Any CPU.ActiveCfg = Debug|Any CPU
		{78B74809-475D-4526-A228-024828E3481F}.Debug|Any CPU.Build.0 = Debug|Any CPU
		{78B74809-475D-4526-A228-024828E3481F}.Release|Any CPU.ActiveCfg = Release|Any CPU
		{78B74809-475D-4526-A228-024828E3481F}.Release|Any CPU.Build.0 = Release|Any CPU
		{C298BE04-25BB-413C-9C5A-601E03BB5597}.Debug|Any CPU.ActiveCfg = Debug|Any CPU
		{C298BE04-25BB-413C-9C5A-601E03BB5597}.Debug|Any CPU.Build.0 = Debug|Any CPU
		{C298BE04-25BB-413C-9C5A-601E03BB5597}.Release|Any CPU.ActiveCfg = Release|Any CPU
		{C298BE04-25BB-413C-9C5A-601E03BB5597}.Release|Any CPU.Build.0 = Release|Any CPU
		{DE93606B-4D21-4473-ACD2-618429A35719}.Debug|Any CPU.ActiveCfg = Debug|Any CPU
		{DE93606B-4D21-4473-ACD2-618429A35719}.Debug|Any CPU.Build.0 = Debug|Any CPU
		{DE93606B-4D21-4473-ACD2-618429A35719}.Release|Any CPU.ActiveCfg = Release|Any CPU
		{DE93606B-4D21-4473-ACD2-618429A35719}.Release|Any CPU.Build.0 = Release|Any CPU
		{51E826F0-4634-44B2-BB6B-47E1B2183EBC}.Debug|Any CPU.ActiveCfg = Debug|Any CPU
		{51E826F0-4634-44B2-BB6B-47E1B2183EBC}.Debug|Any CPU.Build.0 = Debug|Any CPU
		{51E826F0-4634-44B2-BB6B-47E1B2183EBC}.Release|Any CPU.ActiveCfg = Release|Any CPU
		{51E826F0-4634-44B2-BB6B-47E1B2183EBC}.Release|Any CPU.Build.0 = Release|Any CPU
	EndGlobalSection
	GlobalSection(SolutionProperties) = preSolution
		HideSolutionNode = FALSE
	EndGlobalSection
	GlobalSection(NestedProjects) = preSolution
		{DBAAA808-4EA8-4B78-B356-98D605F638DF} = {215F0469-B723-46A7-806D-2EEB23B54817}
		{25F4E660-67AE-4520-BE22-FF05939680EC} = {910AC7B0-0B03-481F-BF3B-830A59DE381D}
		{AB36DB50-DFB3-4CB0-AD40-6915E81C4933} = {A84A837E-9161-4509-937F-CB79AB49F216}
		{78B74809-475D-4526-A228-024828E3481F} = {A84A837E-9161-4509-937F-CB79AB49F216}
		{C298BE04-25BB-413C-9C5A-601E03BB5597} = {910AC7B0-0B03-481F-BF3B-830A59DE381D}
		{DE93606B-4D21-4473-ACD2-618429A35719} = {A84A837E-9161-4509-937F-CB79AB49F216}
		{51E826F0-4634-44B2-BB6B-47E1B2183EBC} = {910AC7B0-0B03-481F-BF3B-830A59DE381D}
	EndGlobalSection
	GlobalSection(ExtensibilityGlobals) = postSolution
		SolutionGuid = {B0505417-4A98-4F3A-B304-D3C54F2420AE}
	EndGlobalSection
EndGlobal
